
Microsoft Visual Studio Solution File, Format Version 12.00
# Visual Studio Version 17
VisualStudioVersion = 17.8.34511.84
MinimumVisualStudioVersion = 10.0.40219.1
Project("{9A19103F-16F7-4668-BE54-9A1E7A4F7556}") = "BrozdziakJankowski.BeerCatalog.DAO", "BrozdziakJankowski.BeerCatalog.DAO\BrozdziakJankowski.BeerCatalog.DAO.csproj", "{56AF51DF-3E78-4635-996E-B104D3B5F02F}"
EndProject
Project("{9A19103F-16F7-4668-BE54-9A1E7A4F7556}") = "BrozdziakJankowski.BeerCatalog.Core", "BrozdziakJankowski.BeerCatalog.Core\BrozdziakJankowski.BeerCatalog.Core.csproj", "{FC8EC5AE-04BC-47FE-A94C-2A6BFCD4417B}"
EndProject
Project("{9A19103F-16F7-4668-BE54-9A1E7A4F7556}") = "BrozdziakJankowski.BeerCatalog.Interfaces", "BrozdziakJankowski.BeerCatalog.Interfaces\BrozdziakJankowski.BeerCatalog.Interfaces.csproj", "{332335D4-DBA4-449E-BD26-2C44B6609B20}"
EndProject
Project("{9A19103F-16F7-4668-BE54-9A1E7A4F7556}") = "BrozdziakJankowski.BeerCatalog.BL", "BrozdziakJankowski.BeerCatalog.BL\BrozdziakJankowski.BeerCatalog.BL.csproj", "{DD3DD1BA-ABC5-4B08-9A18-BBEB8C84C590}"
EndProject
Project("{9A19103F-16F7-4668-BE54-9A1E7A4F7556}") = "BrozdziakJankowski.BeerCatalog.Models", "BrozdziakJankowski.BeerCatalog.Models\BrozdziakJankowski.BeerCatalog.Models.csproj", "{894EA46D-8E8A-4E18-8C44-581A012CF984}"
EndProject
Project("{FAE04EC0-301F-11D3-BF4B-00C04F79EFBC}") = "BrozdziakJankowski.BeerCatalog.Web", "BrozdziakJankowski.BeerCatalog.Web\BrozdziakJankowski.BeerCatalog.Web.csproj", "{2BB495F2-AAED-47FC-BEF1-89AB1511C3A0}"
EndProject
Global
	GlobalSection(SolutionConfigurationPlatforms) = preSolution
		Debug|Any CPU = Debug|Any CPU
		Release|Any CPU = Release|Any CPU
	EndGlobalSection
	GlobalSection(ProjectConfigurationPlatforms) = postSolution
		{56AF51DF-3E78-4635-996E-B104D3B5F02F}.Debug|Any CPU.ActiveCfg = Debug|Any CPU
		{56AF51DF-3E78-4635-996E-B104D3B5F02F}.Debug|Any CPU.Build.0 = Debug|Any CPU
		{56AF51DF-3E78-4635-996E-B104D3B5F02F}.Release|Any CPU.ActiveCfg = Release|Any CPU
		{56AF51DF-3E78-4635-996E-B104D3B5F02F}.Release|Any CPU.Build.0 = Release|Any CPU
		{FC8EC5AE-04BC-47FE-A94C-2A6BFCD4417B}.Debug|Any CPU.ActiveCfg = Debug|Any CPU
		{FC8EC5AE-04BC-47FE-A94C-2A6BFCD4417B}.Debug|Any CPU.Build.0 = Debug|Any CPU
		{FC8EC5AE-04BC-47FE-A94C-2A6BFCD4417B}.Release|Any CPU.ActiveCfg = Release|Any CPU
		{FC8EC5AE-04BC-47FE-A94C-2A6BFCD4417B}.Release|Any CPU.Build.0 = Release|Any CPU
		{332335D4-DBA4-449E-BD26-2C44B6609B20}.Debug|Any CPU.ActiveCfg = Debug|Any CPU
		{332335D4-DBA4-449E-BD26-2C44B6609B20}.Debug|Any CPU.Build.0 = Debug|Any CPU
		{332335D4-DBA4-449E-BD26-2C44B6609B20}.Release|Any CPU.ActiveCfg = Release|Any CPU
		{332335D4-DBA4-449E-BD26-2C44B6609B20}.Release|Any CPU.Build.0 = Release|Any CPU
		{DD3DD1BA-ABC5-4B08-9A18-BBEB8C84C590}.Debug|Any CPU.ActiveCfg = Debug|Any CPU
		{DD3DD1BA-ABC5-4B08-9A18-BBEB8C84C590}.Debug|Any CPU.Build.0 = Debug|Any CPU
		{DD3DD1BA-ABC5-4B08-9A18-BBEB8C84C590}.Release|Any CPU.ActiveCfg = Release|Any CPU
		{DD3DD1BA-ABC5-4B08-9A18-BBEB8C84C590}.Release|Any CPU.Build.0 = Release|Any CPU
		{894EA46D-8E8A-4E18-8C44-581A012CF984}.Debug|Any CPU.ActiveCfg = Debug|Any CPU
		{894EA46D-8E8A-4E18-8C44-581A012CF984}.Debug|Any CPU.Build.0 = Debug|Any CPU
		{894EA46D-8E8A-4E18-8C44-581A012CF984}.Release|Any CPU.ActiveCfg = Release|Any CPU
		{894EA46D-8E8A-4E18-8C44-581A012CF984}.Release|Any CPU.Build.0 = Release|Any CPU
		{2BB495F2-AAED-47FC-BEF1-89AB1511C3A0}.Debug|Any CPU.ActiveCfg = Debug|Any CPU
		{2BB495F2-AAED-47FC-BEF1-89AB1511C3A0}.Debug|Any CPU.Build.0 = Debug|Any CPU
		{2BB495F2-AAED-47FC-BEF1-89AB1511C3A0}.Release|Any CPU.ActiveCfg = Release|Any CPU
		{2BB495F2-AAED-47FC-BEF1-89AB1511C3A0}.Release|Any CPU.Build.0 = Release|Any CPU
	EndGlobalSection
	GlobalSection(SolutionProperties) = preSolution
		HideSolutionNode = FALSE
	EndGlobalSection
	GlobalSection(ExtensibilityGlobals) = postSolution
		SolutionGuid = {D0F416AC-99FC-4CF1-9C6D-6141334EDE26}
	EndGlobalSection
EndGlobal
